
Microsoft Visual Studio Solution File, Format Version 12.00
# Visual Studio Version 17
VisualStudioVersion = 17.8.34330.188
MinimumVisualStudioVersion = 10.0.40219.1
Project("{FAE04EC0-301F-11D3-BF4B-00C04F79EFBC}") = "Calculator", "Calculator.csproj", "{001F1857-DCCA-4C8D-95EE-996D553B2011}"
EndProject
Global
	GlobalSection(SolutionConfigurationPlatforms) = preSolution
		Debug|Any CPU = Debug|Any CPU
		Release|Any CPU = Release|Any CPU
	EndGlobalSection
	GlobalSection(ProjectConfigurationPlatforms) = postSolution
		{001F1857-DCCA-4C8D-95EE-996D553B2011}.Debug|Any CPU.ActiveCfg = Debug|Any CPU
		{001F1857-DCCA-4C8D-95EE-996D553B2011}.Debug|Any CPU.Build.0 = Debug|Any CPU
		{001F1857-DCCA-4C8D-95EE-996D553B2011}.Release|Any CPU.ActiveCfg = Release|Any CPU
		{001F1857-DCCA-4C8D-95EE-996D553B2011}.Release|Any CPU.Build.0 = Release|Any CPU
	EndGlobalSection
	GlobalSection(SolutionProperties) = preSolution
		HideSolutionNode = FALSE
	EndGlobalSection
	GlobalSection(ExtensibilityGlobals) = postSolution
		SolutionGuid = {E46A0D38-EA98-4920-B638-8739B519643C}
	EndGlobalSection
EndGlobal
